// !$*UTF8*$!
{
	archiveVersion = 1;
	classes = {
	};
	objectVersion = 56;
	objects = {

/* Begin PBXBuildFile section */
		2635005E2A7390410089D392 /* github_workflowApp.swift in Sources */ = {isa = PBXBuildFile; fileRef = 2635005D2A7390410089D392 /* github_workflowApp.swift */; };
		263500602A7390410089D392 /* ContentView.swift in Sources */ = {isa = PBXBuildFile; fileRef = 2635005F2A7390410089D392 /* ContentView.swift */; };
		263500622A7390430089D392 /* Assets.xcassets in Resources */ = {isa = PBXBuildFile; fileRef = 263500612A7390430089D392 /* Assets.xcassets */; };
		263500652A7390430089D392 /* Preview Assets.xcassets in Resources */ = {isa = PBXBuildFile; fileRef = 263500642A7390430089D392 /* Preview Assets.xcassets */; };
		2635006F2A7390430089D392 /* github_workflowTests.swift in Sources */ = {isa = PBXBuildFile; fileRef = 2635006E2A7390430089D392 /* github_workflowTests.swift */; };
		263500792A7390430089D392 /* github_workflowUITests.swift in Sources */ = {isa = PBXBuildFile; fileRef = 263500782A7390430089D392 /* github_workflowUITests.swift */; };
		2635007B2A7390430089D392 /* github_workflowUITestsLaunchTests.swift in Sources */ = {isa = PBXBuildFile; fileRef = 2635007A2A7390430089D392 /* github_workflowUITestsLaunchTests.swift */; };
/* End PBXBuildFile section */

/* Begin PBXContainerItemProxy section */
		2635006B2A7390430089D392 /* PBXContainerItemProxy */ = {
			isa = PBXContainerItemProxy;
			containerPortal = 263500522A7390410089D392 /* Project object */;
			proxyType = 1;
			remoteGlobalIDString = 263500592A7390410089D392;
			remoteInfo = "github-workflow";
		};
		263500752A7390430089D392 /* PBXContainerItemProxy */ = {
			isa = PBXContainerItemProxy;
			containerPortal = 263500522A7390410089D392 /* Project object */;
			proxyType = 1;
			remoteGlobalIDString = 263500592A7390410089D392;
			remoteInfo = "github-workflow";
		};
/* End PBXContainerItemProxy section */

/* Begin PBXFileReference section */
		2635005A2A7390410089D392 /* github-workflow.app */ = {isa = PBXFileReference; explicitFileType = wrapper.application; includeInIndex = 0; path = "github-workflow.app"; sourceTree = BUILT_PRODUCTS_DIR; };
		2635005D2A7390410089D392 /* github_workflowApp.swift */ = {isa = PBXFileReference; lastKnownFileType = sourcecode.swift; path = github_workflowApp.swift; sourceTree = "<group>"; };
		2635005F2A7390410089D392 /* ContentView.swift */ = {isa = PBXFileReference; lastKnownFileType = sourcecode.swift; path = ContentView.swift; sourceTree = "<group>"; };
		263500612A7390430089D392 /* Assets.xcassets */ = {isa = PBXFileReference; lastKnownFileType = folder.assetcatalog; path = Assets.xcassets; sourceTree = "<group>"; };
		263500642A7390430089D392 /* Preview Assets.xcassets */ = {isa = PBXFileReference; lastKnownFileType = folder.assetcatalog; path = "Preview Assets.xcassets"; sourceTree = "<group>"; };
		2635006A2A7390430089D392 /* github-workflowTests.xctest */ = {isa = PBXFileReference; explicitFileType = wrapper.cfbundle; includeInIndex = 0; path = "github-workflowTests.xctest"; sourceTree = BUILT_PRODUCTS_DIR; };
		2635006E2A7390430089D392 /* github_workflowTests.swift */ = {isa = PBXFileReference; lastKnownFileType = sourcecode.swift; path = github_workflowTests.swift; sourceTree = "<group>"; };
		263500742A7390430089D392 /* github-workflowUITests.xctest */ = {isa = PBXFileReference; explicitFileType = wrapper.cfbundle; includeInIndex = 0; path = "github-workflowUITests.xctest"; sourceTree = BUILT_PRODUCTS_DIR; };
		263500782A7390430089D392 /* github_workflowUITests.swift */ = {isa = PBXFileReference; lastKnownFileType = sourcecode.swift; path = github_workflowUITests.swift; sourceTree = "<group>"; };
		2635007A2A7390430089D392 /* github_workflowUITestsLaunchTests.swift */ = {isa = PBXFileReference; lastKnownFileType = sourcecode.swift; path = github_workflowUITestsLaunchTests.swift; sourceTree = "<group>"; };
/* End PBXFileReference section */

/* Begin PBXFrameworksBuildPhase section */
		263500572A7390410089D392 /* Frameworks */ = {
			isa = PBXFrameworksBuildPhase;
			buildActionMask = 2147483647;
			files = (
			);
			runOnlyForDeploymentPostprocessing = 0;
		};
		263500672A7390430089D392 /* Frameworks */ = {
			isa = PBXFrameworksBuildPhase;
			buildActionMask = 2147483647;
			files = (
			);
			runOnlyForDeploymentPostprocessing = 0;
		};
		263500712A7390430089D392 /* Frameworks */ = {
			isa = PBXFrameworksBuildPhase;
			buildActionMask = 2147483647;
			files = (
			);
			runOnlyForDeploymentPostprocessing = 0;
		};
/* End PBXFrameworksBuildPhase section */

/* Begin PBXGroup section */
		263500512A7390410089D392 = {
			isa = PBXGroup;
			children = (
				2635005C2A7390410089D392 /* github-workflow */,
				2635006D2A7390430089D392 /* github-workflowTests */,
				263500772A7390430089D392 /* github-workflowUITests */,
				2635005B2A7390410089D392 /* Products */,
			);
			sourceTree = "<group>";
		};
		2635005B2A7390410089D392 /* Products */ = {
			isa = PBXGroup;
			children = (
				2635005A2A7390410089D392 /* github-workflow.app */,
				2635006A2A7390430089D392 /* github-workflowTests.xctest */,
				263500742A7390430089D392 /* github-workflowUITests.xctest */,
			);
			name = Products;
			sourceTree = "<group>";
		};
		2635005C2A7390410089D392 /* github-workflow */ = {
			isa = PBXGroup;
			children = (
				2635005D2A7390410089D392 /* github_workflowApp.swift */,
				2635005F2A7390410089D392 /* ContentView.swift */,
				263500612A7390430089D392 /* Assets.xcassets */,
				263500632A7390430089D392 /* Preview Content */,
			);
			path = "github-workflow";
			sourceTree = "<group>";
		};
		263500632A7390430089D392 /* Preview Content */ = {
			isa = PBXGroup;
			children = (
				263500642A7390430089D392 /* Preview Assets.xcassets */,
			);
			path = "Preview Content";
			sourceTree = "<group>";
		};
		2635006D2A7390430089D392 /* github-workflowTests */ = {
			isa = PBXGroup;
			children = (
				2635006E2A7390430089D392 /* github_workflowTests.swift */,
			);
			path = "github-workflowTests";
			sourceTree = "<group>";
		};
		263500772A7390430089D392 /* github-workflowUITests */ = {
			isa = PBXGroup;
			children = (
				263500782A7390430089D392 /* github_workflowUITests.swift */,
				2635007A2A7390430089D392 /* github_workflowUITestsLaunchTests.swift */,
			);
			path = "github-workflowUITests";
			sourceTree = "<group>";
		};
/* End PBXGroup section */

/* Begin PBXNativeTarget section */
		263500592A7390410089D392 /* github-workflow */ = {
			isa = PBXNativeTarget;
			buildConfigurationList = 2635007E2A7390430089D392 /* Build configuration list for PBXNativeTarget "github-workflow" */;
			buildPhases = (
				263500562A7390410089D392 /* Sources */,
				263500572A7390410089D392 /* Frameworks */,
				263500582A7390410089D392 /* Resources */,
			);
			buildRules = (
			);
			dependencies = (
			);
			name = "github-workflow";
			productName = "github-workflow";
			productReference = 2635005A2A7390410089D392 /* github-workflow.app */;
			productType = "com.apple.product-type.application";
		};
		263500692A7390430089D392 /* github-workflowTests */ = {
			isa = PBXNativeTarget;
			buildConfigurationList = 263500812A7390430089D392 /* Build configuration list for PBXNativeTarget "github-workflowTests" */;
			buildPhases = (
				263500662A7390430089D392 /* Sources */,
				263500672A7390430089D392 /* Frameworks */,
				263500682A7390430089D392 /* Resources */,
			);
			buildRules = (
			);
			dependencies = (
				2635006C2A7390430089D392 /* PBXTargetDependency */,
			);
			name = "github-workflowTests";
			productName = "github-workflowTests";
			productReference = 2635006A2A7390430089D392 /* github-workflowTests.xctest */;
			productType = "com.apple.product-type.bundle.unit-test";
		};
		263500732A7390430089D392 /* github-workflowUITests */ = {
			isa = PBXNativeTarget;
			buildConfigurationList = 263500842A7390430089D392 /* Build configuration list for PBXNativeTarget "github-workflowUITests" */;
			buildPhases = (
				263500702A7390430089D392 /* Sources */,
				263500712A7390430089D392 /* Frameworks */,
				263500722A7390430089D392 /* Resources */,
			);
			buildRules = (
			);
			dependencies = (
				263500762A7390430089D392 /* PBXTargetDependency */,
			);
			name = "github-workflowUITests";
			productName = "github-workflowUITests";
			productReference = 263500742A7390430089D392 /* github-workflowUITests.xctest */;
			productType = "com.apple.product-type.bundle.ui-testing";
		};
/* End PBXNativeTarget section */

/* Begin PBXProject section */
		263500522A7390410089D392 /* Project object */ = {
			isa = PBXProject;
			attributes = {
				BuildIndependentTargetsInParallel = 1;
				LastSwiftUpdateCheck = 1430;
				LastUpgradeCheck = 1430;
				TargetAttributes = {
					263500592A7390410089D392 = {
						CreatedOnToolsVersion = 14.3.1;
					};
					263500692A7390430089D392 = {
						CreatedOnToolsVersion = 14.3.1;
						TestTargetID = 263500592A7390410089D392;
					};
					263500732A7390430089D392 = {
						CreatedOnToolsVersion = 14.3.1;
						TestTargetID = 263500592A7390410089D392;
					};
				};
			};
			buildConfigurationList = 263500552A7390410089D392 /* Build configuration list for PBXProject "github-workflow" */;
			compatibilityVersion = "Xcode 14.0";
			developmentRegion = en;
			hasScannedForEncodings = 0;
			knownRegions = (
				en,
				Base,
			);
			mainGroup = 263500512A7390410089D392;
			productRefGroup = 2635005B2A7390410089D392 /* Products */;
			projectDirPath = "";
			projectRoot = "";
			targets = (
				263500592A7390410089D392 /* github-workflow */,
				263500692A7390430089D392 /* github-workflowTests */,
				263500732A7390430089D392 /* github-workflowUITests */,
			);
		};
/* End PBXProject section */

/* Begin PBXResourcesBuildPhase section */
		263500582A7390410089D392 /* Resources */ = {
			isa = PBXResourcesBuildPhase;
			buildActionMask = 2147483647;
			files = (
				263500652A7390430089D392 /* Preview Assets.xcassets in Resources */,
				263500622A7390430089D392 /* Assets.xcassets in Resources */,
			);
			runOnlyForDeploymentPostprocessing = 0;
		};
		263500682A7390430089D392 /* Resources */ = {
			isa = PBXResourcesBuildPhase;
			buildActionMask = 2147483647;
			files = (
			);
			runOnlyForDeploymentPostprocessing = 0;
		};
		263500722A7390430089D392 /* Resources */ = {
			isa = PBXResourcesBuildPhase;
			buildActionMask = 2147483647;
			files = (
			);
			runOnlyForDeploymentPostprocessing = 0;
		};
/* End PBXResourcesBuildPhase section */

/* Begin PBXSourcesBuildPhase section */
		263500562A7390410089D392 /* Sources */ = {
			isa = PBXSourcesBuildPhase;
			buildActionMask = 2147483647;
			files = (
				263500602A7390410089D392 /* ContentView.swift in Sources */,
				2635005E2A7390410089D392 /* github_workflowApp.swift in Sources */,
			);
			runOnlyForDeploymentPostprocessing = 0;
		};
		263500662A7390430089D392 /* Sources */ = {
			isa = PBXSourcesBuildPhase;
			buildActionMask = 2147483647;
			files = (
				2635006F2A7390430089D392 /* github_workflowTests.swift in Sources */,
			);
			runOnlyForDeploymentPostprocessing = 0;
		};
		263500702A7390430089D392 /* Sources */ = {
			isa = PBXSourcesBuildPhase;
			buildActionMask = 2147483647;
			files = (
				2635007B2A7390430089D392 /* github_workflowUITestsLaunchTests.swift in Sources */,
				263500792A7390430089D392 /* github_workflowUITests.swift in Sources */,
			);
			runOnlyForDeploymentPostprocessing = 0;
		};
/* End PBXSourcesBuildPhase section */

/* Begin PBXTargetDependency section */
		2635006C2A7390430089D392 /* PBXTargetDependency */ = {
			isa = PBXTargetDependency;
			target = 263500592A7390410089D392 /* github-workflow */;
			targetProxy = 2635006B2A7390430089D392 /* PBXContainerItemProxy */;
		};
		263500762A7390430089D392 /* PBXTargetDependency */ = {
			isa = PBXTargetDependency;
			target = 263500592A7390410089D392 /* github-workflow */;
			targetProxy = 263500752A7390430089D392 /* PBXContainerItemProxy */;
		};
/* End PBXTargetDependency section */

/* Begin XCBuildConfiguration section */
		2635007C2A7390430089D392 /* Debug */ = {
			isa = XCBuildConfiguration;
			buildSettings = {
				ALWAYS_SEARCH_USER_PATHS = NO;
				CLANG_ANALYZER_NONNULL = YES;
				CLANG_ANALYZER_NUMBER_OBJECT_CONVERSION = YES_AGGRESSIVE;
				CLANG_CXX_LANGUAGE_STANDARD = "gnu++20";
				CLANG_ENABLE_MODULES = YES;
				CLANG_ENABLE_OBJC_ARC = YES;
				CLANG_ENABLE_OBJC_WEAK = YES;
				CLANG_WARN_BLOCK_CAPTURE_AUTORELEASING = YES;
				CLANG_WARN_BOOL_CONVERSION = YES;
				CLANG_WARN_COMMA = YES;
				CLANG_WARN_CONSTANT_CONVERSION = YES;
				CLANG_WARN_DEPRECATED_OBJC_IMPLEMENTATIONS = YES;
				CLANG_WARN_DIRECT_OBJC_ISA_USAGE = YES_ERROR;
				CLANG_WARN_DOCUMENTATION_COMMENTS = YES;
				CLANG_WARN_EMPTY_BODY = YES;
				CLANG_WARN_ENUM_CONVERSION = YES;
				CLANG_WARN_INFINITE_RECURSION = YES;
				CLANG_WARN_INT_CONVERSION = YES;
				CLANG_WARN_NON_LITERAL_NULL_CONVERSION = YES;
				CLANG_WARN_OBJC_IMPLICIT_RETAIN_SELF = YES;
				CLANG_WARN_OBJC_LITERAL_CONVERSION = YES;
				CLANG_WARN_OBJC_ROOT_CLASS = YES_ERROR;
				CLANG_WARN_QUOTED_INCLUDE_IN_FRAMEWORK_HEADER = YES;
				CLANG_WARN_RANGE_LOOP_ANALYSIS = YES;
				CLANG_WARN_STRICT_PROTOTYPES = YES;
				CLANG_WARN_SUSPICIOUS_MOVE = YES;
				CLANG_WARN_UNGUARDED_AVAILABILITY = YES_AGGRESSIVE;
				CLANG_WARN_UNREACHABLE_CODE = YES;
				CLANG_WARN__DUPLICATE_METHOD_MATCH = YES;
				COPY_PHASE_STRIP = NO;
				DEBUG_INFORMATION_FORMAT = dwarf;
				ENABLE_STRICT_OBJC_MSGSEND = YES;
				ENABLE_TESTABILITY = YES;
				GCC_C_LANGUAGE_STANDARD = gnu11;
				GCC_DYNAMIC_NO_PIC = NO;
				GCC_NO_COMMON_BLOCKS = YES;
				GCC_OPTIMIZATION_LEVEL = 0;
				GCC_PREPROCESSOR_DEFINITIONS = (
					"DEBUG=1",
					"$(inherited)",
				);
				GCC_WARN_64_TO_32_BIT_CONVERSION = YES;
				GCC_WARN_ABOUT_RETURN_TYPE = YES_ERROR;
				GCC_WARN_UNDECLARED_SELECTOR = YES;
				GCC_WARN_UNINITIALIZED_AUTOS = YES_AGGRESSIVE;
				GCC_WARN_UNUSED_FUNCTION = YES;
				GCC_WARN_UNUSED_VARIABLE = YES;
				IPHONEOS_DEPLOYMENT_TARGET = 16.4;
				MTL_ENABLE_DEBUG_INFO = INCLUDE_SOURCE;
				MTL_FAST_MATH = YES;
				ONLY_ACTIVE_ARCH = YES;
				SDKROOT = iphoneos;
				SWIFT_ACTIVE_COMPILATION_CONDITIONS = DEBUG;
				SWIFT_OPTIMIZATION_LEVEL = "-Onone";
			};
			name = Debug;
		};
		2635007D2A7390430089D392 /* Release */ = {
			isa = XCBuildConfiguration;
			buildSettings = {
				ALWAYS_SEARCH_USER_PATHS = NO;
				CLANG_ANALYZER_NONNULL = YES;
				CLANG_ANALYZER_NUMBER_OBJECT_CONVERSION = YES_AGGRESSIVE;
				CLANG_CXX_LANGUAGE_STANDARD = "gnu++20";
				CLANG_ENABLE_MODULES = YES;
				CLANG_ENABLE_OBJC_ARC = YES;
				CLANG_ENABLE_OBJC_WEAK = YES;
				CLANG_WARN_BLOCK_CAPTURE_AUTORELEASING = YES;
				CLANG_WARN_BOOL_CONVERSION = YES;
				CLANG_WARN_COMMA = YES;
				CLANG_WARN_CONSTANT_CONVERSION = YES;
				CLANG_WARN_DEPRECATED_OBJC_IMPLEMENTATIONS = YES;
				CLANG_WARN_DIRECT_OBJC_ISA_USAGE = YES_ERROR;
				CLANG_WARN_DOCUMENTATION_COMMENTS = YES;
				CLANG_WARN_EMPTY_BODY = YES;
				CLANG_WARN_ENUM_CONVERSION = YES;
				CLANG_WARN_INFINITE_RECURSION = YES;
				CLANG_WARN_INT_CONVERSION = YES;
				CLANG_WARN_NON_LITERAL_NULL_CONVERSION = YES;
				CLANG_WARN_OBJC_IMPLICIT_RETAIN_SELF = YES;
				CLANG_WARN_OBJC_LITERAL_CONVERSION = YES;
				CLANG_WARN_OBJC_ROOT_CLASS = YES_ERROR;
				CLANG_WARN_QUOTED_INCLUDE_IN_FRAMEWORK_HEADER = YES;
				CLANG_WARN_RANGE_LOOP_ANALYSIS = YES;
				CLANG_WARN_STRICT_PROTOTYPES = YES;
				CLANG_WARN_SUSPICIOUS_MOVE = YES;
				CLANG_WARN_UNGUARDED_AVAILABILITY = YES_AGGRESSIVE;
				CLANG_WARN_UNREACHABLE_CODE = YES;
				CLANG_WARN__DUPLICATE_METHOD_MATCH = YES;
				COPY_PHASE_STRIP = NO;
				DEBUG_INFORMATION_FORMAT = "dwarf-with-dsym";
				ENABLE_NS_ASSERTIONS = NO;
				ENABLE_STRICT_OBJC_MSGSEND = YES;
				GCC_C_LANGUAGE_STANDARD = gnu11;
				GCC_NO_COMMON_BLOCKS = YES;
				GCC_WARN_64_TO_32_BIT_CONVERSION = YES;
				GCC_WARN_ABOUT_RETURN_TYPE = YES_ERROR;
				GCC_WARN_UNDECLARED_SELECTOR = YES;
				GCC_WARN_UNINITIALIZED_AUTOS = YES_AGGRESSIVE;
				GCC_WARN_UNUSED_FUNCTION = YES;
				GCC_WARN_UNUSED_VARIABLE = YES;
				IPHONEOS_DEPLOYMENT_TARGET = 16.4;
				MTL_ENABLE_DEBUG_INFO = NO;
				MTL_FAST_MATH = YES;
				SDKROOT = iphoneos;
				SWIFT_COMPILATION_MODE = wholemodule;
				SWIFT_OPTIMIZATION_LEVEL = "-O";
				VALIDATE_PRODUCT = YES;
			};
			name = Release;
		};
		2635007F2A7390430089D392 /* Debug */ = {
			isa = XCBuildConfiguration;
			buildSettings = {
				ASSETCATALOG_COMPILER_APPICON_NAME = AppIcon;
				ASSETCATALOG_COMPILER_GLOBAL_ACCENT_COLOR_NAME = AccentColor;
				CODE_SIGN_STYLE = Automatic;
				CURRENT_PROJECT_VERSION = 1;
				DEVELOPMENT_ASSET_PATHS = "\"github-workflow/Preview Content\"";
				ENABLE_PREVIEWS = YES;
				GENERATE_INFOPLIST_FILE = YES;
				INFOPLIST_KEY_UIApplicationSceneManifest_Generation = YES;
				INFOPLIST_KEY_UIApplicationSupportsIndirectInputEvents = YES;
				INFOPLIST_KEY_UILaunchScreen_Generation = YES;
				INFOPLIST_KEY_UISupportedInterfaceOrientations_iPad = "UIInterfaceOrientationPortrait UIInterfaceOrientationPortraitUpsideDown UIInterfaceOrientationLandscapeLeft UIInterfaceOrientationLandscapeRight";
				INFOPLIST_KEY_UISupportedInterfaceOrientations_iPhone = "UIInterfaceOrientationPortrait UIInterfaceOrientationLandscapeLeft UIInterfaceOrientationLandscapeRight";
				LD_RUNPATH_SEARCH_PATHS = (
					"$(inherited)",
					"@executable_path/Frameworks",
				);
				MARKETING_VERSION = 1.0;
				PRODUCT_BUNDLE_IDENTIFIER = "com.github-workflow-action.github-workflow";
				PRODUCT_NAME = "$(TARGET_NAME)";
				SWIFT_EMIT_LOC_STRINGS = YES;
				SWIFT_VERSION = 5.0;
				TARGETED_DEVICE_FAMILY = "1,2";
			};
			name = Debug;
		};
		263500802A7390430089D392 /* Release */ = {
			isa = XCBuildConfiguration;
			buildSettings = {
				ASSETCATALOG_COMPILER_APPICON_NAME = AppIcon;
				ASSETCATALOG_COMPILER_GLOBAL_ACCENT_COLOR_NAME = AccentColor;
				CODE_SIGN_STYLE = Automatic;
				CURRENT_PROJECT_VERSION = 1;
				DEVELOPMENT_ASSET_PATHS = "\"github-workflow/Preview Content\"";
				ENABLE_PREVIEWS = YES;
				GENERATE_INFOPLIST_FILE = YES;
				INFOPLIST_KEY_UIApplicationSceneManifest_Generation = YES;
				INFOPLIST_KEY_UIApplicationSupportsIndirectInputEvents = YES;
				INFOPLIST_KEY_UILaunchScreen_Generation = YES;
				INFOPLIST_KEY_UISupportedInterfaceOrientations_iPad = "UIInterfaceOrientationPortrait UIInterfaceOrientationPortraitUpsideDown UIInterfaceOrientationLandscapeLeft UIInterfaceOrientationLandscapeRight";
				INFOPLIST_KEY_UISupportedInterfaceOrientations_iPhone = "UIInterfaceOrientationPortrait UIInterfaceOrientationLandscapeLeft UIInterfaceOrientationLandscapeRight";
				LD_RUNPATH_SEARCH_PATHS = (
					"$(inherited)",
					"@executable_path/Frameworks",
				);
				MARKETING_VERSION = 1.0;
				PRODUCT_BUNDLE_IDENTIFIER = "com.github-workflow-action.github-workflow";
				PRODUCT_NAME = "$(TARGET_NAME)";
				SWIFT_EMIT_LOC_STRINGS = YES;
				SWIFT_VERSION = 5.0;
				TARGETED_DEVICE_FAMILY = "1,2";
			};
			name = Release;
		};
		263500822A7390430089D392 /* Debug */ = {
			isa = XCBuildConfiguration;
			buildSettings = {
				ALWAYS_EMBED_SWIFT_STANDARD_LIBRARIES = YES;
				BUNDLE_LOADER = "$(TEST_HOST)";
				CODE_SIGN_STYLE = Automatic;
				CURRENT_PROJECT_VERSION = 1;
				GENERATE_INFOPLIST_FILE = YES;
				IPHONEOS_DEPLOYMENT_TARGET = 16.4;
				MARKETING_VERSION = 1.0;
				PRODUCT_BUNDLE_IDENTIFIER = "com.github-workflow-action.github-workflowTests";
				PRODUCT_NAME = "$(TARGET_NAME)";
				SWIFT_EMIT_LOC_STRINGS = NO;
				SWIFT_VERSION = 5.0;
				TARGETED_DEVICE_FAMILY = "1,2";
				TEST_HOST = "$(BUILT_PRODUCTS_DIR)/github-workflow.app/$(BUNDLE_EXECUTABLE_FOLDER_PATH)/github-workflow";
			};
			name = Debug;
		};
		263500832A7390430089D392 /* Release */ = {
			isa = XCBuildConfiguration;
			buildSettings = {
				ALWAYS_EMBED_SWIFT_STANDARD_LIBRARIES = YES;
				BUNDLE_LOADER = "$(TEST_HOST)";
				CODE_SIGN_STYLE = Automatic;
				CURRENT_PROJECT_VERSION = 1;
				GENERATE_INFOPLIST_FILE = YES;
				IPHONEOS_DEPLOYMENT_TARGET = 16.4;
				MARKETING_VERSION = 1.0;
				PRODUCT_BUNDLE_IDENTIFIER = "com.github-workflow-action.github-workflowTests";
				PRODUCT_NAME = "$(TARGET_NAME)";
				SWIFT_EMIT_LOC_STRINGS = NO;
				SWIFT_VERSION = 5.0;
				TARGETED_DEVICE_FAMILY = "1,2";
				TEST_HOST = "$(BUILT_PRODUCTS_DIR)/github-workflow.app/$(BUNDLE_EXECUTABLE_FOLDER_PATH)/github-workflow";
			};
			name = Release;
		};
		263500852A7390430089D392 /* Debug */ = {
			isa = XCBuildConfiguration;
			buildSettings = {
				ALWAYS_EMBED_SWIFT_STANDARD_LIBRARIES = YES;
				CODE_SIGN_STYLE = Automatic;
				CURRENT_PROJECT_VERSION = 1;
				GENERATE_INFOPLIST_FILE = YES;
				MARKETING_VERSION = 1.0;
				PRODUCT_BUNDLE_IDENTIFIER = "com.github-workflow-action.github-workflowUITests";
				PRODUCT_NAME = "$(TARGET_NAME)";
				SWIFT_EMIT_LOC_STRINGS = NO;
				SWIFT_VERSION = 5.0;
				TARGETED_DEVICE_FAMILY = "1,2";
				TEST_TARGET_NAME = "github-workflow";
			};
			name = Debug;
		};
		263500862A7390430089D392 /* Release */ = {
			isa = XCBuildConfiguration;
			buildSettings = {
				ALWAYS_EMBED_SWIFT_STANDARD_LIBRARIES = YES;
				CODE_SIGN_STYLE = Automatic;
				CURRENT_PROJECT_VERSION = 1;
				GENERATE_INFOPLIST_FILE = YES;
				MARKETING_VERSION = 1.0;
				PRODUCT_BUNDLE_IDENTIFIER = "com.github-workflow-action.github-workflowUITests";
				PRODUCT_NAME = "$(TARGET_NAME)";
				SWIFT_EMIT_LOC_STRINGS = NO;
				SWIFT_VERSION = 5.0;
				TARGETED_DEVICE_FAMILY = "1,2";
				TEST_TARGET_NAME = "github-workflow";
			};
			name = Release;
		};
/* End XCBuildConfiguration section */

/* Begin XCConfigurationList section */
		263500552A7390410089D392 /* Build configuration list for PBXProject "github-workflow" */ = {
			isa = XCConfigurationList;
			buildConfigurations = (
				2635007C2A7390430089D392 /* Debug */,
				2635007D2A7390430089D392 /* Release */,
			);
			defaultConfigurationIsVisible = 0;
			defaultConfigurationName = Release;
		};
		2635007E2A7390430089D392 /* Build configuration list for PBXNativeTarget "github-workflow" */ = {
			isa = XCConfigurationList;
			buildConfigurations = (
				2635007F2A7390430089D392 /* Debug */,
				263500802A7390430089D392 /* Release */,
			);
			defaultConfigurationIsVisible = 0;
			defaultConfigurationName = Release;
		};
		263500812A7390430089D392 /* Build configuration list for PBXNativeTarget "github-workflowTests" */ = {
			isa = XCConfigurationList;
			buildConfigurations = (
				263500822A7390430089D392 /* Debug */,
				263500832A7390430089D392 /* Release */,
			);
			defaultConfigurationIsVisible = 0;
			defaultConfigurationName = Release;
		};
		263500842A7390430089D392 /* Build configuration list for PBXNativeTarget "github-workflowUITests" */ = {
			isa = XCConfigurationList;
			buildConfigurations = (
				263500852A7390430089D392 /* Debug */,
				263500862A7390430089D392 /* Release */,
			);
			defaultConfigurationIsVisible = 0;
			defaultConfigurationName = Release;
		};
/* End XCConfigurationList section */
	};
	rootObject = 263500522A7390410089D392 /* Project object */;
}
